// !$*UTF8*$!
{
	archiveVersion = 1;
	classes = {
	};
	objectVersion = 77;
	objects = {

/* Begin PBXBuildFile section */
		CE7115A62E6F181600BFCB5A /* LaunchScreen.storyboard in Resources */ = {isa = PBXBuildFile; fileRef = CE7115A52E6F181600BFCB5A /* LaunchScreen.storyboard */; };
		FA1737472FA910CC00581EB4 /* NotificationAppDelegate.swift in Sources */ = {isa = PBXBuildFile; fileRef = FA17373C2FA910CC00581EB4 /* NotificationAppDelegate.swift */; };
		FA1737482FA910CC00581EB4 /* MainApp.swift in Sources */ = {isa = PBXBuildFile; fileRef = FA1737372FA910CC00581EB4 /* MainApp.swift */; };
		FA1737492FA910CC00581EB4 /* PlantPickDateScreen.swift in Sources */ = {isa = PBXBuildFile; fileRef = FA1737452FA910CC00581EB4 /* PlantPickDateScreen.swift */; };
		FA17374A2FA910CC00581EB4 /* ClickSoundButtonStyle.swift in Sources */ = {isa = PBXBuildFile; fileRef = FA17372F2FA910CC00581EB4 /* ClickSoundButtonStyle.swift */; };
		FA17374B2FA910CC00581EB4 /* GardenModels.swift in Sources */ = {isa = PBXBuildFile; fileRef = FA1737352FA910CC00581EB4 /* GardenModels.swift */; };
		FA17374C2FA910CC00581EB4 /* OnboardingTabView.swift in Sources */ = {isa = PBXBuildFile; fileRef = FA17373E2FA910CC00581EB4 /* OnboardingTabView.swift */; };
		FA17374D2FA910CC00581EB4 /* AppRootView.swift in Sources */ = {isa = PBXBuildFile; fileRef = FA17372B2FA910CC00581EB4 /* AppRootView.swift */; };
		FA17374E2FA910CC00581EB4 /* GardenStore.swift in Sources */ = {isa = PBXBuildFile; fileRef = FA1737362FA910CC00581EB4 /* GardenStore.swift */; };
		FA17374F2FA910CC00581EB4 /* ClickSound.swift in Sources */ = {isa = PBXBuildFile; fileRef = FA17372E2FA910CC00581EB4 /* ClickSound.swift */; };
		FA1737502FA910CC00581EB4 /* Color+Hex.swift in Sources */ = {isa = PBXBuildFile; fileRef = FA1737302FA910CC00581EB4 /* Color+Hex.swift */; };
		FA1737512FA910CC00581EB4 /* PlantLibraryRootView.swift in Sources */ = {isa = PBXBuildFile; fileRef = FA1737432FA910CC00581EB4 /* PlantLibraryRootView.swift */; };
		FA1737522FA910CC00581EB4 /* GardenCalendarDateScreen.swift in Sources */ = {isa = PBXBuildFile; fileRef = FA1737312FA910CC00581EB4 /* GardenCalendarDateScreen.swift */; };
		FA1737532FA910CC00581EB4 /* PlantDetailScreen.swift in Sources */ = {isa = PBXBuildFile; fileRef = FA1737422FA910CC00581EB4 /* PlantDetailScreen.swift */; };
		FA1737542FA910CC00581EB4 /* GardenCalendarNoEventsScreen.swift in Sources */ = {isa = PBXBuildFile; fileRef = FA1737322FA910CC00581EB4 /* GardenCalendarNoEventsScreen.swift */; };
		FA1737552FA910CC00581EB4 /* NativeTextInputs.swift in Sources */ = {isa = PBXBuildFile; fileRef = FA1737382FA910CC00581EB4 /* NativeTextInputs.swift */; };
		FA1737562FA910CC00581EB4 /* NewPlantScreen.swift in Sources */ = {isa = PBXBuildFile; fileRef = FA17373B2FA910CC00581EB4 /* NewPlantScreen.swift */; };
		FA1737572FA910CC00581EB4 /* PlantDetailRemoveScreen.swift in Sources */ = {isa = PBXBuildFile; fileRef = FA1737412FA910CC00581EB4 /* PlantDetailRemoveScreen.swift */; };
		FA1737582FA910CC00581EB4 /* NewPlantSavedScreen.swift in Sources */ = {isa = PBXBuildFile; fileRef = FA17373A2FA910CC00581EB4 /* NewPlantSavedScreen.swift */; };
		FA1737592FA910CC00581EB4 /* PlantLibraryScreen.swift in Sources */ = {isa = PBXBuildFile; fileRef = FA1737442FA910CC00581EB4 /* PlantLibraryScreen.swift */; };
		FA17375A2FA910CC00581EB4 /* PlantAddScreen.swift in Sources */ = {isa = PBXBuildFile; fileRef = FA17373F2FA910CC00581EB4 /* PlantAddScreen.swift */; };
		FA17375B2FA910CC00581EB4 /* GardenCalendarScreen.swift in Sources */ = {isa = PBXBuildFile; fileRef = FA1737332FA910CC00581EB4 /* GardenCalendarScreen.swift */; };
		FA17375C2FA910CC00581EB4 /* GardenMapScreen.swift in Sources */ = {isa = PBXBuildFile; fileRef = FA1737342FA910CC00581EB4 /* GardenMapScreen.swift */; };
		FA17375D2FA910CC00581EB4 /* PlantDetailPlusScreen.swift in Sources */ = {isa = PBXBuildFile; fileRef = FA1737402FA910CC00581EB4 /* PlantDetailPlusScreen.swift */; };
		FA17375E2FA910CC00581EB4 /* NewPlantErrorScreen.swift in Sources */ = {isa = PBXBuildFile; fileRef = FA1737392FA910CC00581EB4 /* NewPlantErrorScreen.swift */; };
		FA17375F2FA910CC00581EB4 /* NotificationsScreen.swift in Sources */ = {isa = PBXBuildFile; fileRef = FA17373D2FA910CC00581EB4 /* NotificationsScreen.swift */; };
		FA1737602FA910CC00581EB4 /* Assets.xcassets in Resources */ = {isa = PBXBuildFile; fileRef = FA17372C2FA910CC00581EB4 /* Assets.xcassets */; };
		FA1737612FA910CC00581EB4 /* click.mp3 in Resources */ = {isa = PBXBuildFile; fileRef = FA17372D2FA910CC00581EB4 /* click.mp3 */; };
		FA1737622FA910CC00581EB4 /* FredokaOne-Regular.ttf in Resources */ = {isa = PBXBuildFile; fileRef = FA1737292FA910CC00581EB4 /* FredokaOne-Regular.ttf */; };
/* End PBXBuildFile section */

/* Begin PBXCopyFilesBuildPhase section */
		CE71156C2E6F168000BFCB5A /* Embed Foundation Extensions */ = {
			isa = PBXCopyFilesBuildPhase;
			buildActionMask = 2147483647;
			dstPath = "";
			dstSubfolderSpec = 13;
			files = (
			);
			name = "Embed Foundation Extensions";
			runOnlyForDeploymentPostprocessing = 0;
		};
/* End PBXCopyFilesBuildPhase section */

/* Begin PBXFileReference section */
		CE7115342E6F0AB000BFCB5A /* AppTemplate.app */ = {isa = PBXFileReference; explicitFileType = wrapper.application; includeInIndex = 0; path = AppTemplate.app; sourceTree = BUILT_PRODUCTS_DIR; };
		CE7115A42E6F181600BFCB5A /* LaunchScreen.storyboard */ = {isa = PBXFileReference; lastKnownFileType = file.storyboard; name = LaunchScreen.storyboard; path = Base.lproj/LaunchScreen.storyboard; sourceTree = "<group>"; };
		CEF3187B2E72A659004E27D7 /* UserNotifications.framework */ = {isa = PBXFileReference; lastKnownFileType = wrapper.framework; name = UserNotifications.framework; path = System/Library/Frameworks/UserNotifications.framework; sourceTree = SDKROOT; };
		FA1737292FA910CC00581EB4 /* FredokaOne-Regular.ttf */ = {isa = PBXFileReference; lastKnownFileType = file; path = "FredokaOne-Regular.ttf"; sourceTree = "<group>"; };
		FA17372B2FA910CC00581EB4 /* AppRootView.swift */ = {isa = PBXFileReference; lastKnownFileType = sourcecode.swift; path = AppRootView.swift; sourceTree = "<group>"; };
		FA17372C2FA910CC00581EB4 /* Assets.xcassets */ = {isa = PBXFileReference; lastKnownFileType = folder.assetcatalog; path = Assets.xcassets; sourceTree = "<group>"; };
		FA17372D2FA910CC00581EB4 /* click.mp3 */ = {isa = PBXFileReference; lastKnownFileType = audio.mp3; path = click.mp3; sourceTree = "<group>"; };
		FA17372E2FA910CC00581EB4 /* ClickSound.swift */ = {isa = PBXFileReference; lastKnownFileType = sourcecode.swift; path = ClickSound.swift; sourceTree = "<group>"; };
		FA17372F2FA910CC00581EB4 /* ClickSoundButtonStyle.swift */ = {isa = PBXFileReference; lastKnownFileType = sourcecode.swift; path = ClickSoundButtonStyle.swift; sourceTree = "<group>"; };
		FA1737302FA910CC00581EB4 /* Color+Hex.swift */ = {isa = PBXFileReference; lastKnownFileType = sourcecode.swift; path = "Color+Hex.swift"; sourceTree = "<group>"; };
		FA1737312FA910CC00581EB4 /* GardenCalendarDateScreen.swift */ = {isa = PBXFileReference; lastKnownFileType = sourcecode.swift; path = GardenCalendarDateScreen.swift; sourceTree = "<group>"; };
		FA1737322FA910CC00581EB4 /* GardenCalendarNoEventsScreen.swift */ = {isa = PBXFileReference; lastKnownFileType = sourcecode.swift; path = GardenCalendarNoEventsScreen.swift; sourceTree = "<group>"; };
		FA1737332FA910CC00581EB4 /* GardenCalendarScreen.swift */ = {isa = PBXFileReference; lastKnownFileType = sourcecode.swift; path = GardenCalendarScreen.swift; sourceTree = "<group>"; };
		FA1737342FA910CC00581EB4 /* GardenMapScreen.swift */ = {isa = PBXFileReference; lastKnownFileType = sourcecode.swift; path = GardenMapScreen.swift; sourceTree = "<group>"; };
		FA1737352FA910CC00581EB4 /* GardenModels.swift */ = {isa = PBXFileReference; lastKnownFileType = sourcecode.swift; path = GardenModels.swift; sourceTree = "<group>"; };
		FA1737362FA910CC00581EB4 /* GardenStore.swift */ = {isa = PBXFileReference; lastKnownFileType = sourcecode.swift; path = GardenStore.swift; sourceTree = "<group>"; };
		FA1737372FA910CC00581EB4 /* MainApp.swift */ = {isa = PBXFileReference; lastKnownFileType = sourcecode.swift; path = MainApp.swift; sourceTree = "<group>"; };
		FA1737382FA910CC00581EB4 /* NativeTextInputs.swift */ = {isa = PBXFileReference; lastKnownFileType = sourcecode.swift; path = NativeTextInputs.swift; sourceTree = "<group>"; };
		FA1737392FA910CC00581EB4 /* NewPlantErrorScreen.swift */ = {isa = PBXFileReference; lastKnownFileType = sourcecode.swift; path = NewPlantErrorScreen.swift; sourceTree = "<group>"; };
		FA17373A2FA910CC00581EB4 /* NewPlantSavedScreen.swift */ = {isa = PBXFileReference; lastKnownFileType = sourcecode.swift; path = NewPlantSavedScreen.swift; sourceTree = "<group>"; };
		FA17373B2FA910CC00581EB4 /* NewPlantScreen.swift */ = {isa = PBXFileReference; lastKnownFileType = sourcecode.swift; path = NewPlantScreen.swift; sourceTree = "<group>"; };
		FA17373C2FA910CC00581EB4 /* NotificationAppDelegate.swift */ = {isa = PBXFileReference; lastKnownFileType = sourcecode.swift; path = NotificationAppDelegate.swift; sourceTree = "<group>"; };
		FA17373D2FA910CC00581EB4 /* NotificationsScreen.swift */ = {isa = PBXFileReference; lastKnownFileType = sourcecode.swift; path = NotificationsScreen.swift; sourceTree = "<group>"; };
		FA17373E2FA910CC00581EB4 /* OnboardingTabView.swift */ = {isa = PBXFileReference; lastKnownFileType = sourcecode.swift; path = OnboardingTabView.swift; sourceTree = "<group>"; };
		FA17373F2FA910CC00581EB4 /* PlantAddScreen.swift */ = {isa = PBXFileReference; lastKnownFileType = sourcecode.swift; path = PlantAddScreen.swift; sourceTree = "<group>"; };
		FA1737402FA910CC00581EB4 /* PlantDetailPlusScreen.swift */ = {isa = PBXFileReference; lastKnownFileType = sourcecode.swift; path = PlantDetailPlusScreen.swift; sourceTree = "<group>"; };
		FA1737412FA910CC00581EB4 /* PlantDetailRemoveScreen.swift */ = {isa = PBXFileReference; lastKnownFileType = sourcecode.swift; path = PlantDetailRemoveScreen.swift; sourceTree = "<group>"; };
		FA1737422FA910CC00581EB4 /* PlantDetailScreen.swift */ = {isa = PBXFileReference; lastKnownFileType = sourcecode.swift; path = PlantDetailScreen.swift; sourceTree = "<group>"; };
		FA1737432FA910CC00581EB4 /* PlantLibraryRootView.swift */ = {isa = PBXFileReference; lastKnownFileType = sourcecode.swift; path = PlantLibraryRootView.swift; sourceTree = "<group>"; };
		FA1737442FA910CC00581EB4 /* PlantLibraryScreen.swift */ = {isa = PBXFileReference; lastKnownFileType = sourcecode.swift; path = PlantLibraryScreen.swift; sourceTree = "<group>"; };
		FA1737452FA910CC00581EB4 /* PlantPickDateScreen.swift */ = {isa = PBXFileReference; lastKnownFileType = sourcecode.swift; path = PlantPickDateScreen.swift; sourceTree = "<group>"; };
/* End PBXFileReference section */

/* Begin PBXFileSystemSynchronizedRootGroup section */
		CE7115362E6F0AB000BFCB5A /* AppTemplate */ = {
			isa = PBXFileSystemSynchronizedRootGroup;
			path = AppTemplate;
			sourceTree = "<group>";
		};
/* End PBXFileSystemSynchronizedRootGroup section */

/* Begin PBXFrameworksBuildPhase section */
		CE7115312E6F0AB000BFCB5A /* Frameworks */ = {
			isa = PBXFrameworksBuildPhase;
			buildActionMask = 2147483647;
			files = (
			);
			runOnlyForDeploymentPostprocessing = 0;
		};
/* End PBXFrameworksBuildPhase section */

/* Begin PBXGroup section */
		CE71152B2E6F0AB000BFCB5A = {
			isa = PBXGroup;
			children = (
				FA1737462FA910CC00581EB4 /* SweetFruitGarden */,
				CE7115A52E6F181600BFCB5A /* LaunchScreen.storyboard */,
				CE7115362E6F0AB000BFCB5A /* AppTemplate */,
				CE7115352E6F0AB000BFCB5A /* Products */,
				CEF3187A2E72A659004E27D7 /* Frameworks */,
			);
			sourceTree = "<group>";
		};
		CE7115352E6F0AB000BFCB5A /* Products */ = {
			isa = PBXGroup;
			children = (
				CE7115342E6F0AB000BFCB5A /* AppTemplate.app */,
			);
			name = Products;
			sourceTree = "<group>";
		};
		CEF3187A2E72A659004E27D7 /* Frameworks */ = {
			isa = PBXGroup;
			children = (
				CEF3187B2E72A659004E27D7 /* UserNotifications.framework */,
			);
			name = Frameworks;
			sourceTree = "<group>";
		};
		FA17372A2FA910CC00581EB4 /* Font */ = {
			isa = PBXGroup;
			children = (
				FA1737292FA910CC00581EB4 /* FredokaOne-Regular.ttf */,
			);
			path = Font;
			sourceTree = "<group>";
		};
		FA1737462FA910CC00581EB4 /* SweetFruitGarden */ = {
			isa = PBXGroup;
			children = (
				FA17372A2FA910CC00581EB4 /* Font */,
				FA17372B2FA910CC00581EB4 /* AppRootView.swift */,
				FA17372C2FA910CC00581EB4 /* Assets.xcassets */,
				FA17372D2FA910CC00581EB4 /* click.mp3 */,
				FA17372E2FA910CC00581EB4 /* ClickSound.swift */,
				FA17372F2FA910CC00581EB4 /* ClickSoundButtonStyle.swift */,
				FA1737302FA910CC00581EB4 /* Color+Hex.swift */,
				FA1737312FA910CC00581EB4 /* GardenCalendarDateScreen.swift */,
				FA1737322FA910CC00581EB4 /* GardenCalendarNoEventsScreen.swift */,
				FA1737332FA910CC00581EB4 /* GardenCalendarScreen.swift */,
				FA1737342FA910CC00581EB4 /* GardenMapScreen.swift */,
				FA1737352FA910CC00581EB4 /* GardenModels.swift */,
				FA1737362FA910CC00581EB4 /* GardenStore.swift */,
				FA1737372FA910CC00581EB4 /* MainApp.swift */,
				FA1737382FA910CC00581EB4 /* NativeTextInputs.swift */,
				FA1737392FA910CC00581EB4 /* NewPlantErrorScreen.swift */,
				FA17373A2FA910CC00581EB4 /* NewPlantSavedScreen.swift */,
				FA17373B2FA910CC00581EB4 /* NewPlantScreen.swift */,
				FA17373C2FA910CC00581EB4 /* NotificationAppDelegate.swift */,
				FA17373D2FA910CC00581EB4 /* NotificationsScreen.swift */,
				FA17373E2FA910CC00581EB4 /* OnboardingTabView.swift */,
				FA17373F2FA910CC00581EB4 /* PlantAddScreen.swift */,
				FA1737402FA910CC00581EB4 /* PlantDetailPlusScreen.swift */,
				FA1737412FA910CC00581EB4 /* PlantDetailRemoveScreen.swift */,
				FA1737422FA910CC00581EB4 /* PlantDetailScreen.swift */,
				FA1737432FA910CC00581EB4 /* PlantLibraryRootView.swift */,
				FA1737442FA910CC00581EB4 /* PlantLibraryScreen.swift */,
				FA1737452FA910CC00581EB4 /* PlantPickDateScreen.swift */,
			);
			path = SweetFruitGarden;
			sourceTree = "<group>";
		};
/* End PBXGroup section */

/* Begin PBXNativeTarget section */
		CE7115332E6F0AB000BFCB5A /* AppTemplate */ = {
			isa = PBXNativeTarget;
			buildConfigurationList = CE71154B2E6F0AB400BFCB5A /* Build configuration list for PBXNativeTarget "AppTemplate" */;
			buildPhases = (
				CE7115302E6F0AB000BFCB5A /* Sources */,
				CE7115312E6F0AB000BFCB5A /* Frameworks */,
				CE7115322E6F0AB000BFCB5A /* Resources */,
				CE71156C2E6F168000BFCB5A /* Embed Foundation Extensions */,
			);
			buildRules = (
			);
			dependencies = (
			);
			fileSystemSynchronizedGroups = (
				CE7115362E6F0AB000BFCB5A /* AppTemplate */,
			);
			name = AppTemplate;
			packageProductDependencies = (
			);
			productName = AppTemplate;
			productReference = CE7115342E6F0AB000BFCB5A /* AppTemplate.app */;
			productType = "com.apple.product-type.application";
		};
/* End PBXNativeTarget section */

/* Begin PBXProject section */
		CE71152C2E6F0AB000BFCB5A /* Project object */ = {
			isa = PBXProject;
			attributes = {
				BuildIndependentTargetsInParallel = 1;
				LastSwiftUpdateCheck = 1640;
				LastUpgradeCheck = 1640;
				TargetAttributes = {
					CE7115332E6F0AB000BFCB5A = {
						CreatedOnToolsVersion = 16.4;
					};
				};
			};
			buildConfigurationList = CE71152F2E6F0AB000BFCB5A /* Build configuration list for PBXProject "AppTemplate" */;
			developmentRegion = en;
			hasScannedForEncodings = 0;
			knownRegions = (
				en,
				Base,
			);
			mainGroup = CE71152B2E6F0AB000BFCB5A;
			minimizedProjectReferenceProxies = 1;
			packageReferences = (
			);
			preferredProjectObjectVersion = 77;
			productRefGroup = CE7115352E6F0AB000BFCB5A /* Products */;
			projectDirPath = "";
			projectRoot = "";
			targets = (
				CE7115332E6F0AB000BFCB5A /* AppTemplate */,
			);
		};
/* End PBXProject section */

/* Begin PBXResourcesBuildPhase section */
		CE7115322E6F0AB000BFCB5A /* Resources */ = {
			isa = PBXResourcesBuildPhase;
			buildActionMask = 2147483647;
			files = (
				FA1737602FA910CC00581EB4 /* Assets.xcassets in Resources */,
				FA1737612FA910CC00581EB4 /* click.mp3 in Resources */,
				FA1737622FA910CC00581EB4 /* FredokaOne-Regular.ttf in Resources */,
				CE7115A62E6F181600BFCB5A /* LaunchScreen.storyboard in Resources */,
			);
			runOnlyForDeploymentPostprocessing = 0;
		};
/* End PBXResourcesBuildPhase section */

/* Begin PBXSourcesBuildPhase section */
		CE7115302E6F0AB000BFCB5A /* Sources */ = {
			isa = PBXSourcesBuildPhase;
			buildActionMask = 2147483647;
			files = (
				FA1737472FA910CC00581EB4 /* NotificationAppDelegate.swift in Sources */,
				FA1737482FA910CC00581EB4 /* MainApp.swift in Sources */,
				FA1737492FA910CC00581EB4 /* PlantPickDateScreen.swift in Sources */,
				FA17374A2FA910CC00581EB4 /* ClickSoundButtonStyle.swift in Sources */,
				FA17374B2FA910CC00581EB4 /* GardenModels.swift in Sources */,
				FA17374C2FA910CC00581EB4 /* OnboardingTabView.swift in Sources */,
				FA17374D2FA910CC00581EB4 /* AppRootView.swift in Sources */,
				FA17374E2FA910CC00581EB4 /* GardenStore.swift in Sources */,
				FA17374F2FA910CC00581EB4 /* ClickSound.swift in Sources */,
				FA1737502FA910CC00581EB4 /* Color+Hex.swift in Sources */,
				FA1737512FA910CC00581EB4 /* PlantLibraryRootView.swift in Sources */,
				FA1737522FA910CC00581EB4 /* GardenCalendarDateScreen.swift in Sources */,
				FA1737532FA910CC00581EB4 /* PlantDetailScreen.swift in Sources */,
				FA1737542FA910CC00581EB4 /* GardenCalendarNoEventsScreen.swift in Sources */,
				FA1737552FA910CC00581EB4 /* NativeTextInputs.swift in Sources */,
				FA1737562FA910CC00581EB4 /* NewPlantScreen.swift in Sources */,
				FA1737572FA910CC00581EB4 /* PlantDetailRemoveScreen.swift in Sources */,
				FA1737582FA910CC00581EB4 /* NewPlantSavedScreen.swift in Sources */,
				FA1737592FA910CC00581EB4 /* PlantLibraryScreen.swift in Sources */,
				FA17375A2FA910CC00581EB4 /* PlantAddScreen.swift in Sources */,
				FA17375B2FA910CC00581EB4 /* GardenCalendarScreen.swift in Sources */,
				FA17375C2FA910CC00581EB4 /* GardenMapScreen.swift in Sources */,
				FA17375D2FA910CC00581EB4 /* PlantDetailPlusScreen.swift in Sources */,
				FA17375E2FA910CC00581EB4 /* NewPlantErrorScreen.swift in Sources */,
				FA17375F2FA910CC00581EB4 /* NotificationsScreen.swift in Sources */,
			);
			runOnlyForDeploymentPostprocessing = 0;
		};
/* End PBXSourcesBuildPhase section */

/* Begin PBXVariantGroup section */
		CE7115A52E6F181600BFCB5A /* LaunchScreen.storyboard */ = {
			isa = PBXVariantGroup;
			children = (
				CE7115A42E6F181600BFCB5A /* LaunchScreen.storyboard */,
			);
			name = LaunchScreen.storyboard;
			sourceTree = "<group>";
		};
/* End PBXVariantGroup section */

/* Begin XCBuildConfiguration section */
		CE7115492E6F0AB400BFCB5A /* Debug */ = {
			isa = XCBuildConfiguration;
			buildSettings = {
				ALWAYS_SEARCH_USER_PATHS = NO;
				ASSETCATALOG_COMPILER_GENERATE_SWIFT_ASSET_SYMBOL_EXTENSIONS = YES;
				CLANG_ANALYZER_NONNULL = YES;
				CLANG_ANALYZER_NUMBER_OBJECT_CONVERSION = YES_AGGRESSIVE;
				CLANG_CXX_LANGUAGE_STANDARD = "gnu++20";
				CLANG_ENABLE_MODULES = YES;
				CLANG_ENABLE_OBJC_ARC = YES;
				CLANG_ENABLE_OBJC_WEAK = YES;
				CLANG_WARN_BLOCK_CAPTURE_AUTORELEASING = YES;
				CLANG_WARN_BOOL_CONVERSION = YES;
				CLANG_WARN_COMMA = YES;
				CLANG_WARN_CONSTANT_CONVERSION = YES;
				CLANG_WARN_DEPRECATED_OBJC_IMPLEMENTATIONS = YES;
				CLANG_WARN_DIRECT_OBJC_ISA_USAGE = YES_ERROR;
				CLANG_WARN_DOCUMENTATION_COMMENTS = YES;
				CLANG_WARN_EMPTY_BODY = YES;
				CLANG_WARN_ENUM_CONVERSION = YES;
				CLANG_WARN_INFINITE_RECURSION = YES;
				CLANG_WARN_INT_CONVERSION = YES;
				CLANG_WARN_NON_LITERAL_NULL_CONVERSION = YES;
				CLANG_WARN_OBJC_IMPLICIT_RETAIN_SELF = YES;
				CLANG_WARN_OBJC_LITERAL_CONVERSION = YES;
				CLANG_WARN_OBJC_ROOT_CLASS = YES_ERROR;
				CLANG_WARN_QUOTED_INCLUDE_IN_FRAMEWORK_HEADER = YES;
				CLANG_WARN_RANGE_LOOP_ANALYSIS = YES;
				CLANG_WARN_STRICT_PROTOTYPES = YES;
				CLANG_WARN_SUSPICIOUS_MOVE = YES;
				CLANG_WARN_UNGUARDED_AVAILABILITY = YES_AGGRESSIVE;
				CLANG_WARN_UNREACHABLE_CODE = YES;
				CLANG_WARN__DUPLICATE_METHOD_MATCH = YES;
				CODE_SIGN_ENTITLEMENTS = /Users/user/Documents/Sources/AppTemplate/Entitlements.entitlements;
				COPY_PHASE_STRIP = NO;
				DEBUG_INFORMATION_FORMAT = dwarf;
				ENABLE_STRICT_OBJC_MSGSEND = YES;
				ENABLE_TESTABILITY = YES;
				ENABLE_USER_SCRIPT_SANDBOXING = YES;
				GCC_C_LANGUAGE_STANDARD = gnu17;
				GCC_DYNAMIC_NO_PIC = NO;
				GCC_NO_COMMON_BLOCKS = YES;
				GCC_OPTIMIZATION_LEVEL = 0;
				GCC_PREPROCESSOR_DEFINITIONS = (
					"DEBUG=1",
					"$(inherited)",
				);
				GCC_WARN_64_TO_32_BIT_CONVERSION = YES;
				GCC_WARN_ABOUT_RETURN_TYPE = YES_ERROR;
				GCC_WARN_UNDECLARED_SELECTOR = YES;
				GCC_WARN_UNINITIALIZED_AUTOS = YES_AGGRESSIVE;
				GCC_WARN_UNUSED_FUNCTION = YES;
				GCC_WARN_UNUSED_VARIABLE = YES;
				IPHONEOS_DEPLOYMENT_TARGET = 18.5;
				LOCALIZATION_PREFERS_STRING_CATALOGS = YES;
				MTL_ENABLE_DEBUG_INFO = INCLUDE_SOURCE;
				MTL_FAST_MATH = YES;
				ONLY_ACTIVE_ARCH = YES;
				SDKROOT = iphoneos;
				SWIFT_ACTIVE_COMPILATION_CONDITIONS = "DEBUG $(inherited)";
				SWIFT_OPTIMIZATION_LEVEL = "-Onone";
			};
			name = Debug;
		};
		CE71154A2E6F0AB400BFCB5A /* Release */ = {
			isa = XCBuildConfiguration;
			buildSettings = {
				ALWAYS_SEARCH_USER_PATHS = NO;
				ASSETCATALOG_COMPILER_GENERATE_SWIFT_ASSET_SYMBOL_EXTENSIONS = YES;
				CLANG_ANALYZER_NONNULL = YES;
				CLANG_ANALYZER_NUMBER_OBJECT_CONVERSION = YES_AGGRESSIVE;
				CLANG_CXX_LANGUAGE_STANDARD = "gnu++20";
				CLANG_ENABLE_MODULES = YES;
				CLANG_ENABLE_OBJC_ARC = YES;
				CLANG_ENABLE_OBJC_WEAK = YES;
				CLANG_WARN_BLOCK_CAPTURE_AUTORELEASING = YES;
				CLANG_WARN_BOOL_CONVERSION = YES;
				CLANG_WARN_COMMA = YES;
				CLANG_WARN_CONSTANT_CONVERSION = YES;
				CLANG_WARN_DEPRECATED_OBJC_IMPLEMENTATIONS = YES;
				CLANG_WARN_DIRECT_OBJC_ISA_USAGE = YES_ERROR;
				CLANG_WARN_DOCUMENTATION_COMMENTS = YES;
				CLANG_WARN_EMPTY_BODY = YES;
				CLANG_WARN_ENUM_CONVERSION = YES;
				CLANG_WARN_INFINITE_RECURSION = YES;
				CLANG_WARN_INT_CONVERSION = YES;
				CLANG_WARN_NON_LITERAL_NULL_CONVERSION = YES;
				CLANG_WARN_OBJC_IMPLICIT_RETAIN_SELF = YES;
				CLANG_WARN_OBJC_LITERAL_CONVERSION = YES;
				CLANG_WARN_OBJC_ROOT_CLASS = YES_ERROR;
				CLANG_WARN_QUOTED_INCLUDE_IN_FRAMEWORK_HEADER = YES;
				CLANG_WARN_RANGE_LOOP_ANALYSIS = YES;
				CLANG_WARN_STRICT_PROTOTYPES = YES;
				CLANG_WARN_SUSPICIOUS_MOVE = YES;
				CLANG_WARN_UNGUARDED_AVAILABILITY = YES_AGGRESSIVE;
				CLANG_WARN_UNREACHABLE_CODE = YES;
				CLANG_WARN__DUPLICATE_METHOD_MATCH = YES;
				CODE_SIGN_ENTITLEMENTS = /Users/user/Documents/Sources/AppTemplate/Entitlements.entitlements;
				COPY_PHASE_STRIP = NO;
				DEBUG_INFORMATION_FORMAT = "dwarf-with-dsym";
				ENABLE_NS_ASSERTIONS = NO;
				ENABLE_STRICT_OBJC_MSGSEND = YES;
				ENABLE_USER_SCRIPT_SANDBOXING = YES;
				GCC_C_LANGUAGE_STANDARD = gnu17;
				GCC_NO_COMMON_BLOCKS = YES;
				GCC_WARN_64_TO_32_BIT_CONVERSION = YES;
				GCC_WARN_ABOUT_RETURN_TYPE = YES_ERROR;
				GCC_WARN_UNDECLARED_SELECTOR = YES;
				GCC_WARN_UNINITIALIZED_AUTOS = YES_AGGRESSIVE;
				GCC_WARN_UNUSED_FUNCTION = YES;
				GCC_WARN_UNUSED_VARIABLE = YES;
				IPHONEOS_DEPLOYMENT_TARGET = 18.5;
				LOCALIZATION_PREFERS_STRING_CATALOGS = YES;
				MTL_ENABLE_DEBUG_INFO = NO;
				MTL_FAST_MATH = YES;
				SDKROOT = iphoneos;
				SWIFT_COMPILATION_MODE = wholemodule;
				VALIDATE_PRODUCT = YES;
			};
			name = Release;
		};
		CE71154C2E6F0AB400BFCB5A /* Debug */ = {
			isa = XCBuildConfiguration;
			buildSettings = {
				ASSETCATALOG_COMPILER_APPICON_NAME = AppIcon;
				ASSETCATALOG_COMPILER_GLOBAL_ACCENT_COLOR_NAME = AccentColor;
				CODE_SIGN_ENTITLEMENTS = Entitlements.entitlements;
				CODE_SIGN_STYLE = Automatic;
				CURRENT_PROJECT_VERSION = 1;
				DEVELOPMENT_TEAM = TZCUKDMG3L;
				GENERATE_INFOPLIST_FILE = YES;
				INFOPLIST_FILE = Info.plist;
				INFOPLIST_KEY_CFBundleDisplayName = "Sweet Fruit Garden";
				INFOPLIST_KEY_NSCameraUsageDescription = "Allow access to the camera to take photos.";
				INFOPLIST_KEY_NSPhotoLibraryUsageDescription = "Allow access to the photo library to add photos.";
				INFOPLIST_KEY_UIApplicationSupportsIndirectInputEvents = YES;
				INFOPLIST_KEY_UILaunchStoryboardName = LaunchScreen;
				INFOPLIST_KEY_UIMainStoryboardFile = LaunchScreen;
				INFOPLIST_KEY_UIStatusBarHidden = YES;
				INFOPLIST_KEY_UISupportedInterfaceOrientations = "UIInterfaceOrientationLandscapeLeft UIInterfaceOrientationLandscapeRight UIInterfaceOrientationPortrait UIInterfaceOrientationPortraitUpsideDown";
				IPHONEOS_DEPLOYMENT_TARGET = 17;
				LD_RUNPATH_SEARCH_PATHS = (
					"$(inherited)",
					"@executable_path/Frameworks",
				);
				MARKETING_VERSION = 1.0;
				PRODUCT_BUNDLE_IDENTIFIER = com.sweetgarden.fruit;
				PRODUCT_NAME = "$(TARGET_NAME)";
				SUPPORTED_PLATFORMS = "iphoneos iphonesimulator";
				SUPPORTS_MACCATALYST = NO;
				SUPPORTS_MAC_DESIGNED_FOR_IPHONE_IPAD = NO;
				SUPPORTS_XR_DESIGNED_FOR_IPHONE_IPAD = NO;
				SWIFT_EMIT_LOC_STRINGS = YES;
				SWIFT_VERSION = 5.0;
				TARGETED_DEVICE_FAMILY = 1;
			};
			name = Debug;
		};
		CE71154D2E6F0AB400BFCB5A /* Release */ = {
			isa = XCBuildConfiguration;
			buildSettings = {
				ASSETCATALOG_COMPILER_APPICON_NAME = AppIcon;
				ASSETCATALOG_COMPILER_GLOBAL_ACCENT_COLOR_NAME = AccentColor;
				CODE_SIGN_ENTITLEMENTS = Entitlements.entitlements;
				CODE_SIGN_STYLE = Automatic;
				CURRENT_PROJECT_VERSION = 1;
				DEVELOPMENT_TEAM = TZCUKDMG3L;
				GENERATE_INFOPLIST_FILE = YES;
				INFOPLIST_FILE = Info.plist;
				INFOPLIST_KEY_CFBundleDisplayName = "Sweet Fruit Garden";
				INFOPLIST_KEY_NSCameraUsageDescription = "Allow access to the camera to take photos.";
				INFOPLIST_KEY_NSPhotoLibraryUsageDescription = "Allow access to the photo library to add photos.";
				INFOPLIST_KEY_UIApplicationSupportsIndirectInputEvents = YES;
				INFOPLIST_KEY_UILaunchStoryboardName = LaunchScreen;
				INFOPLIST_KEY_UIMainStoryboardFile = LaunchScreen;
				INFOPLIST_KEY_UIStatusBarHidden = YES;
				INFOPLIST_KEY_UISupportedInterfaceOrientations = "UIInterfaceOrientationLandscapeLeft UIInterfaceOrientationLandscapeRight UIInterfaceOrientationPortrait UIInterfaceOrientationPortraitUpsideDown";
				IPHONEOS_DEPLOYMENT_TARGET = 17;
				LD_RUNPATH_SEARCH_PATHS = (
					"$(inherited)",
					"@executable_path/Frameworks",
				);
				MARKETING_VERSION = 1.0;
				PRODUCT_BUNDLE_IDENTIFIER = com.sweetgarden.fruit;
				PRODUCT_NAME = "$(TARGET_NAME)";
				SUPPORTED_PLATFORMS = "iphoneos iphonesimulator";
				SUPPORTS_MACCATALYST = NO;
				SUPPORTS_MAC_DESIGNED_FOR_IPHONE_IPAD = NO;
				SUPPORTS_XR_DESIGNED_FOR_IPHONE_IPAD = NO;
				SWIFT_EMIT_LOC_STRINGS = YES;
				SWIFT_VERSION = 5.0;
				TARGETED_DEVICE_FAMILY = 1;
			};
			name = Release;
		};
/* End XCBuildConfiguration section */

/* Begin XCConfigurationList section */
		CE71152F2E6F0AB000BFCB5A /* Build configuration list for PBXProject "AppTemplate" */ = {
			isa = XCConfigurationList;
			buildConfigurations = (
				CE7115492E6F0AB400BFCB5A /* Debug */,
				CE71154A2E6F0AB400BFCB5A /* Release */,
			);
			defaultConfigurationIsVisible = 0;
			defaultConfigurationName = Release;
		};
		CE71154B2E6F0AB400BFCB5A /* Build configuration list for PBXNativeTarget "AppTemplate" */ = {
			isa = XCConfigurationList;
			buildConfigurations = (
				CE71154C2E6F0AB400BFCB5A /* Debug */,
				CE71154D2E6F0AB400BFCB5A /* Release */,
			);
			defaultConfigurationIsVisible = 0;
			defaultConfigurationName = Release;
		};
/* End XCConfigurationList section */
	};
	rootObject = CE71152C2E6F0AB000BFCB5A /* Project object */;
}
